
Microsoft Visual Studio Solution File, Format Version 12.00
# Visual Studio Version 17
VisualStudioVersion = 17.10.35013.160
MinimumVisualStudioVersion = 10.0.40219.1
Project("{FAE04EC0-301F-11D3-BF4B-00C04F79EFBC}") = "TravelBookingApplication", "TravelBookingApplication\TravelBookingApplication.csproj", "{515390D0-188C-401F-ABE5-40B4AC29D1A1}"
EndProject
Project("{FAE04EC0-301F-11D3-BF4B-00C04F79EFBC}") = "TravelBookingApplication.Test", "TravelBookingApplication.Test\TravelBookingApplication.Test.csproj", "{DA7BA0FC-DD3D-44FD-85D2-A54FFA3482E1}"
EndProject
Global
	GlobalSection(SolutionConfigurationPlatforms) = preSolution
		Debug|Any CPU = Debug|Any CPU
		Release|Any CPU = Release|Any CPU
	EndGlobalSection
	GlobalSection(ProjectConfigurationPlatforms) = postSolution
		{515390D0-188C-401F-ABE5-40B4AC29D1A1}.Debug|Any CPU.ActiveCfg = Debug|Any CPU
		{515390D0-188C-401F-ABE5-40B4AC29D1A1}.Debug|Any CPU.Build.0 = Debug|Any CPU
		{515390D0-188C-401F-ABE5-40B4AC29D1A1}.Release|Any CPU.ActiveCfg = Release|Any CPU
		{515390D0-188C-401F-ABE5-40B4AC29D1A1}.Release|Any CPU.Build.0 = Release|Any CPU
		{DA7BA0FC-DD3D-44FD-85D2-A54FFA3482E1}.Debug|Any CPU.ActiveCfg = Debug|Any CPU
		{DA7BA0FC-DD3D-44FD-85D2-A54FFA3482E1}.Debug|Any CPU.Build.0 = Debug|Any CPU
		{DA7BA0FC-DD3D-44FD-85D2-A54FFA3482E1}.Release|Any CPU.ActiveCfg = Release|Any CPU
		{DA7BA0FC-DD3D-44FD-85D2-A54FFA3482E1}.Release|Any CPU.Build.0 = Release|Any CPU
	EndGlobalSection
	GlobalSection(SolutionProperties) = preSolution
		HideSolutionNode = FALSE
	EndGlobalSection
	GlobalSection(ExtensibilityGlobals) = postSolution
		SolutionGuid = {61F687BC-182A-4D2D-85AA-082E6C1477C4}
	EndGlobalSection
EndGlobal
